
Microsoft Visual Studio Solution File, Format Version 12.00
# Visual Studio 15
VisualStudioVersion = 15.0.27004.2006
MinimumVisualStudioVersion = 10.0.40219.1
Project("{2150E333-8FDC-42A3-9474-1A3956D46DE8}") = "Creational", "Creational", "{41458D50-28EA-45AD-AF29-F0460A4FFD9E}"
EndProject
Project("{2150E333-8FDC-42A3-9474-1A3956D46DE8}") = "Structural", "Structural", "{9092CE16-9FC0-4DEC-BBE6-B228DD514B23}"
EndProject
Project("{2150E333-8FDC-42A3-9474-1A3956D46DE8}") = "Behavioral", "Behavioral", "{F7E7F0F1-B82A-4241-9A0F-8717F73D653C}"
EndProject
Project("{2150E333-8FDC-42A3-9474-1A3956D46DE8}") = "Abstract Factory", "Abstract Factory", "{3D6826AE-EE64-4673-9805-CC58F61495CB}"
EndProject
Project("{2150E333-8FDC-42A3-9474-1A3956D46DE8}") = "Builder", "Builder", "{C9C80871-5D40-4CA2-A832-B4FC4C5B198B}"
EndProject
Project("{2150E333-8FDC-42A3-9474-1A3956D46DE8}") = "Factory Method", "Factory Method", "{F798271E-D81C-4BB1-A9CA-3C9B1251A3DD}"
EndProject
Project("{2150E333-8FDC-42A3-9474-1A3956D46DE8}") = "Prototype", "Prototype", "{A5DFAD0D-A992-447E-83A7-D11F17007736}"
EndProject
Project("{2150E333-8FDC-42A3-9474-1A3956D46DE8}") = "Singleton", "Singleton", "{A5061BDC-6685-4523-B809-5BD88E413FAD}"
EndProject
Project("{2150E333-8FDC-42A3-9474-1A3956D46DE8}") = "Adapter", "Adapter", "{98E529F3-3B28-40D6-8ACB-3B2F2069F972}"
EndProject
Project("{2150E333-8FDC-42A3-9474-1A3956D46DE8}") = "Bridge", "Bridge", "{7D7A17DC-3B51-4B90-9CB8-BA5AA7A29EDF}"
EndProject
Project("{2150E333-8FDC-42A3-9474-1A3956D46DE8}") = "Composite", "Composite", "{7C5843C4-775B-442A-B147-F4324519893E}"
EndProject
Project("{2150E333-8FDC-42A3-9474-1A3956D46DE8}") = "Decorator", "Decorator", "{1AA2A1BC-5027-4816-A715-72FBE9883E74}"
EndProject
Project("{2150E333-8FDC-42A3-9474-1A3956D46DE8}") = "Facade", "Facade", "{BC297C84-7AC4-4310-A607-5A6D8CE74051}"
EndProject
Project("{2150E333-8FDC-42A3-9474-1A3956D46DE8}") = "Flyweight", "Flyweight", "{042B614A-A2AE-436A-8DCB-99C857E5DB34}"
EndProject
Project("{2150E333-8FDC-42A3-9474-1A3956D46DE8}") = "Proxy", "Proxy", "{968B65C5-FDC6-4F7F-97B9-E5D5321D02D8}"
EndProject
Project("{2150E333-8FDC-42A3-9474-1A3956D46DE8}") = "Chain of Responsibility", "Chain of Responsibility", "{A6861F8A-B189-4704-A33D-FD23D98493EF}"
EndProject
Project("{2150E333-8FDC-42A3-9474-1A3956D46DE8}") = "Command", "Command", "{B0617CD5-8238-45B8-B367-F73910456897}"
EndProject
Project("{2150E333-8FDC-42A3-9474-1A3956D46DE8}") = "Interpreter", "Interpreter", "{AD55E9F3-569A-480C-9897-66EEE2912535}"
EndProject
Project("{2150E333-8FDC-42A3-9474-1A3956D46DE8}") = "Iterator", "Iterator", "{1ADCABA9-E7E5-4863-81E0-93DDDA143E7A}"
EndProject
Project("{2150E333-8FDC-42A3-9474-1A3956D46DE8}") = "Mediator", "Mediator", "{DD431669-EB6E-4B93-BAA3-95789DCF7FA8}"
EndProject
Project("{2150E333-8FDC-42A3-9474-1A3956D46DE8}") = "Memento", "Memento", "{8F2A8BDD-B57A-4BE2-AF56-03A93202E2DB}"
EndProject
Project("{2150E333-8FDC-42A3-9474-1A3956D46DE8}") = "Observer", "Observer", "{67CD0F1D-C130-48C8-B8C6-13EF7C579744}"
EndProject
Project("{2150E333-8FDC-42A3-9474-1A3956D46DE8}") = "State", "State", "{7B576239-8923-4FF6-B76A-E5396353E698}"
EndProject
Project("{2150E333-8FDC-42A3-9474-1A3956D46DE8}") = "Strategy", "Strategy", "{7E55CC83-18C3-4745-A509-42880811554E}"
EndProject
Project("{2150E333-8FDC-42A3-9474-1A3956D46DE8}") = "Template", "Template", "{3F699E01-CF94-4C7B-B67E-28C969C1950A}"
EndProject
Project("{2150E333-8FDC-42A3-9474-1A3956D46DE8}") = "Visitor", "Visitor", "{25735216-85D8-4375-9C4B-E6A06B959A86}"
EndProject
Project("{FAE04EC0-301F-11D3-BF4B-00C04F79EFBC}") = "AbstractFactory", "AbstractFactory\AbstractFactory.csproj", "{6474AA59-D7BC-49E5-B8F6-7CFEE64FF58D}"
EndProject
Project("{FAE04EC0-301F-11D3-BF4B-00C04F79EFBC}") = "FactoryMethod", "FactoryMethod\FactoryMethod.csproj", "{685865BF-1911-477F-AE6E-02E84F500AC7}"
EndProject
Project("{FAE04EC0-301F-11D3-BF4B-00C04F79EFBC}") = "StaticFactoryMethod", "StaticFactoryMethod\StaticFactoryMethod.csproj", "{389F4714-734A-417B-B7A4-3A63A7282635}"
EndProject
Project("{FAE04EC0-301F-11D3-BF4B-00C04F79EFBC}") = "GaranteedVirtalMethodInvokation", "GaranteedVirtalMethodInvokation\GaranteedVirtalMethodInvokation.csproj", "{A704E7DC-BA73-4B45-AA7F-50A9384D7233}"
EndProject
Project("{FAE04EC0-301F-11D3-BF4B-00C04F79EFBC}") = "DelegateRealization", "DelegateRealization\DelegateRealization.csproj", "{A8365F25-7F9E-4971-8570-16528CFD5980}"
EndProject
Project("{FAE04EC0-301F-11D3-BF4B-00C04F79EFBC}") = "Builder", "Builder\Builder.csproj", "{82953E5C-3C16-44E3-BF8C-5D869BD8FB0B}"
EndProject
Project("{FAE04EC0-301F-11D3-BF4B-00C04F79EFBC}") = "LazySingleton", "LazySingleton\LazySingleton.csproj", "{C7E5649D-E77D-4487-B1F3-A9E6B7C7A6AA}"
EndProject
Project("{FAE04EC0-301F-11D3-BF4B-00C04F79EFBC}") = "DobleblockSingleton", "DobleblockSingleton\DobleblockSingleton.csproj", "{441D6FEA-349C-4420-BF72-01B3A7AB4F3E}"
EndProject
Project("{FAE04EC0-301F-11D3-BF4B-00C04F79EFBC}") = "StaticFieldSingleton", "StaticFieldSingleton\StaticFieldSingleton.csproj", "{23842186-C391-4D44-A224-8B135D21C76E}"
EndProject
Project("{FAE04EC0-301F-11D3-BF4B-00C04F79EFBC}") = "ClassicTemplateMethod", "ClassicTemplateMethod\ClassicTemplateMethod.csproj", "{5BBD41F9-1AA7-4449-8370-F80AB1E7FEDD}"
EndProject
Project("{FAE04EC0-301F-11D3-BF4B-00C04F79EFBC}") = "DelegatesBasedTemplateMethod", "DelegatesBasedTemplateMethod\DelegatesBasedTemplateMethod.csproj", "{91A6367B-1A83-4B47-AE9D-BB7264E072A7}"
EndProject
Project("{FAE04EC0-301F-11D3-BF4B-00C04F79EFBC}") = "ExtensionMethods", "ExtensionMethods\ExtensionMethods.csproj", "{F2D0F14A-7E32-4E2B-8792-7B98A0C68B09}"
EndProject
Global
	GlobalSection(SolutionConfigurationPlatforms) = preSolution
		Debug|Any CPU = Debug|Any CPU
		Release|Any CPU = Release|Any CPU
	EndGlobalSection
	GlobalSection(ProjectConfigurationPlatforms) = postSolution
		{6474AA59-D7BC-49E5-B8F6-7CFEE64FF58D}.Debug|Any CPU.ActiveCfg = Debug|Any CPU
		{6474AA59-D7BC-49E5-B8F6-7CFEE64FF58D}.Debug|Any CPU.Build.0 = Debug|Any CPU
		{6474AA59-D7BC-49E5-B8F6-7CFEE64FF58D}.Release|Any CPU.ActiveCfg = Release|Any CPU
		{6474AA59-D7BC-49E5-B8F6-7CFEE64FF58D}.Release|Any CPU.Build.0 = Release|Any CPU
		{685865BF-1911-477F-AE6E-02E84F500AC7}.Debug|Any CPU.ActiveCfg = Debug|Any CPU
		{685865BF-1911-477F-AE6E-02E84F500AC7}.Debug|Any CPU.Build.0 = Debug|Any CPU
		{685865BF-1911-477F-AE6E-02E84F500AC7}.Release|Any CPU.ActiveCfg = Release|Any CPU
		{685865BF-1911-477F-AE6E-02E84F500AC7}.Release|Any CPU.Build.0 = Release|Any CPU
		{389F4714-734A-417B-B7A4-3A63A7282635}.Debug|Any CPU.ActiveCfg = Debug|Any CPU
		{389F4714-734A-417B-B7A4-3A63A7282635}.Debug|Any CPU.Build.0 = Debug|Any CPU
		{389F4714-734A-417B-B7A4-3A63A7282635}.Release|Any CPU.ActiveCfg = Release|Any CPU
		{389F4714-734A-417B-B7A4-3A63A7282635}.Release|Any CPU.Build.0 = Release|Any CPU
		{A704E7DC-BA73-4B45-AA7F-50A9384D7233}.Debug|Any CPU.ActiveCfg = Debug|Any CPU
		{A704E7DC-BA73-4B45-AA7F-50A9384D7233}.Debug|Any CPU.Build.0 = Debug|Any CPU
		{A704E7DC-BA73-4B45-AA7F-50A9384D7233}.Release|Any CPU.ActiveCfg = Release|Any CPU
		{A704E7DC-BA73-4B45-AA7F-50A9384D7233}.Release|Any CPU.Build.0 = Release|Any CPU
		{A8365F25-7F9E-4971-8570-16528CFD5980}.Debug|Any CPU.ActiveCfg = Debug|Any CPU
		{A8365F25-7F9E-4971-8570-16528CFD5980}.Debug|Any CPU.Build.0 = Debug|Any CPU
		{A8365F25-7F9E-4971-8570-16528CFD5980}.Release|Any CPU.ActiveCfg = Release|Any CPU
		{A8365F25-7F9E-4971-8570-16528CFD5980}.Release|Any CPU.Build.0 = Release|Any CPU
		{82953E5C-3C16-44E3-BF8C-5D869BD8FB0B}.Debug|Any CPU.ActiveCfg = Debug|Any CPU
		{82953E5C-3C16-44E3-BF8C-5D869BD8FB0B}.Debug|Any CPU.Build.0 = Debug|Any CPU
		{82953E5C-3C16-44E3-BF8C-5D869BD8FB0B}.Release|Any CPU.ActiveCfg = Release|Any CPU
		{82953E5C-3C16-44E3-BF8C-5D869BD8FB0B}.Release|Any CPU.Build.0 = Release|Any CPU
		{C7E5649D-E77D-4487-B1F3-A9E6B7C7A6AA}.Debug|Any CPU.ActiveCfg = Debug|Any CPU
		{C7E5649D-E77D-4487-B1F3-A9E6B7C7A6AA}.Debug|Any CPU.Build.0 = Debug|Any CPU
		{C7E5649D-E77D-4487-B1F3-A9E6B7C7A6AA}.Release|Any CPU.ActiveCfg = Release|Any CPU
		{C7E5649D-E77D-4487-B1F3-A9E6B7C7A6AA}.Release|Any CPU.Build.0 = Release|Any CPU
		{441D6FEA-349C-4420-BF72-01B3A7AB4F3E}.Debug|Any CPU.ActiveCfg = Debug|Any CPU
		{441D6FEA-349C-4420-BF72-01B3A7AB4F3E}.Debug|Any CPU.Build.0 = Debug|Any CPU
		{441D6FEA-349C-4420-BF72-01B3A7AB4F3E}.Release|Any CPU.ActiveCfg = Release|Any CPU
		{441D6FEA-349C-4420-BF72-01B3A7AB4F3E}.Release|Any CPU.Build.0 = Release|Any CPU
		{23842186-C391-4D44-A224-8B135D21C76E}.Debug|Any CPU.ActiveCfg = Debug|Any CPU
		{23842186-C391-4D44-A224-8B135D21C76E}.Debug|Any CPU.Build.0 = Debug|Any CPU
		{23842186-C391-4D44-A224-8B135D21C76E}.Release|Any CPU.ActiveCfg = Release|Any CPU
		{23842186-C391-4D44-A224-8B135D21C76E}.Release|Any CPU.Build.0 = Release|Any CPU
		{5BBD41F9-1AA7-4449-8370-F80AB1E7FEDD}.Debug|Any CPU.ActiveCfg = Debug|Any CPU
		{5BBD41F9-1AA7-4449-8370-F80AB1E7FEDD}.Debug|Any CPU.Build.0 = Debug|Any CPU
		{5BBD41F9-1AA7-4449-8370-F80AB1E7FEDD}.Release|Any CPU.ActiveCfg = Release|Any CPU
		{5BBD41F9-1AA7-4449-8370-F80AB1E7FEDD}.Release|Any CPU.Build.0 = Release|Any CPU
		{91A6367B-1A83-4B47-AE9D-BB7264E072A7}.Debug|Any CPU.ActiveCfg = Debug|Any CPU
		{91A6367B-1A83-4B47-AE9D-BB7264E072A7}.Debug|Any CPU.Build.0 = Debug|Any CPU
		{91A6367B-1A83-4B47-AE9D-BB7264E072A7}.Release|Any CPU.ActiveCfg = Release|Any CPU
		{91A6367B-1A83-4B47-AE9D-BB7264E072A7}.Release|Any CPU.Build.0 = Release|Any CPU
		{F2D0F14A-7E32-4E2B-8792-7B98A0C68B09}.Debug|Any CPU.ActiveCfg = Debug|Any CPU
		{F2D0F14A-7E32-4E2B-8792-7B98A0C68B09}.Debug|Any CPU.Build.0 = Debug|Any CPU
		{F2D0F14A-7E32-4E2B-8792-7B98A0C68B09}.Release|Any CPU.ActiveCfg = Release|Any CPU
		{F2D0F14A-7E32-4E2B-8792-7B98A0C68B09}.Release|Any CPU.Build.0 = Release|Any CPU
	EndGlobalSection
	GlobalSection(SolutionProperties) = preSolution
		HideSolutionNode = FALSE
	EndGlobalSection
	GlobalSection(NestedProjects) = preSolution
		{3D6826AE-EE64-4673-9805-CC58F61495CB} = {41458D50-28EA-45AD-AF29-F0460A4FFD9E}
		{C9C80871-5D40-4CA2-A832-B4FC4C5B198B} = {41458D50-28EA-45AD-AF29-F0460A4FFD9E}
		{F798271E-D81C-4BB1-A9CA-3C9B1251A3DD} = {41458D50-28EA-45AD-AF29-F0460A4FFD9E}
		{A5DFAD0D-A992-447E-83A7-D11F17007736} = {41458D50-28EA-45AD-AF29-F0460A4FFD9E}
		{A5061BDC-6685-4523-B809-5BD88E413FAD} = {41458D50-28EA-45AD-AF29-F0460A4FFD9E}
		{98E529F3-3B28-40D6-8ACB-3B2F2069F972} = {9092CE16-9FC0-4DEC-BBE6-B228DD514B23}
		{7D7A17DC-3B51-4B90-9CB8-BA5AA7A29EDF} = {9092CE16-9FC0-4DEC-BBE6-B228DD514B23}
		{7C5843C4-775B-442A-B147-F4324519893E} = {9092CE16-9FC0-4DEC-BBE6-B228DD514B23}
		{1AA2A1BC-5027-4816-A715-72FBE9883E74} = {9092CE16-9FC0-4DEC-BBE6-B228DD514B23}
		{BC297C84-7AC4-4310-A607-5A6D8CE74051} = {9092CE16-9FC0-4DEC-BBE6-B228DD514B23}
		{042B614A-A2AE-436A-8DCB-99C857E5DB34} = {9092CE16-9FC0-4DEC-BBE6-B228DD514B23}
		{968B65C5-FDC6-4F7F-97B9-E5D5321D02D8} = {9092CE16-9FC0-4DEC-BBE6-B228DD514B23}
		{A6861F8A-B189-4704-A33D-FD23D98493EF} = {F7E7F0F1-B82A-4241-9A0F-8717F73D653C}
		{B0617CD5-8238-45B8-B367-F73910456897} = {F7E7F0F1-B82A-4241-9A0F-8717F73D653C}
		{AD55E9F3-569A-480C-9897-66EEE2912535} = {F7E7F0F1-B82A-4241-9A0F-8717F73D653C}
		{1ADCABA9-E7E5-4863-81E0-93DDDA143E7A} = {F7E7F0F1-B82A-4241-9A0F-8717F73D653C}
		{DD431669-EB6E-4B93-BAA3-95789DCF7FA8} = {F7E7F0F1-B82A-4241-9A0F-8717F73D653C}
		{8F2A8BDD-B57A-4BE2-AF56-03A93202E2DB} = {F7E7F0F1-B82A-4241-9A0F-8717F73D653C}
		{67CD0F1D-C130-48C8-B8C6-13EF7C579744} = {F7E7F0F1-B82A-4241-9A0F-8717F73D653C}
		{7B576239-8923-4FF6-B76A-E5396353E698} = {F7E7F0F1-B82A-4241-9A0F-8717F73D653C}
		{7E55CC83-18C3-4745-A509-42880811554E} = {F7E7F0F1-B82A-4241-9A0F-8717F73D653C}
		{3F699E01-CF94-4C7B-B67E-28C969C1950A} = {F7E7F0F1-B82A-4241-9A0F-8717F73D653C}
		{25735216-85D8-4375-9C4B-E6A06B959A86} = {F7E7F0F1-B82A-4241-9A0F-8717F73D653C}
		{6474AA59-D7BC-49E5-B8F6-7CFEE64FF58D} = {3D6826AE-EE64-4673-9805-CC58F61495CB}
		{685865BF-1911-477F-AE6E-02E84F500AC7} = {F798271E-D81C-4BB1-A9CA-3C9B1251A3DD}
		{389F4714-734A-417B-B7A4-3A63A7282635} = {F798271E-D81C-4BB1-A9CA-3C9B1251A3DD}
		{A704E7DC-BA73-4B45-AA7F-50A9384D7233} = {F798271E-D81C-4BB1-A9CA-3C9B1251A3DD}
		{A8365F25-7F9E-4971-8570-16528CFD5980} = {F798271E-D81C-4BB1-A9CA-3C9B1251A3DD}
		{82953E5C-3C16-44E3-BF8C-5D869BD8FB0B} = {C9C80871-5D40-4CA2-A832-B4FC4C5B198B}
		{C7E5649D-E77D-4487-B1F3-A9E6B7C7A6AA} = {A5061BDC-6685-4523-B809-5BD88E413FAD}
		{441D6FEA-349C-4420-BF72-01B3A7AB4F3E} = {A5061BDC-6685-4523-B809-5BD88E413FAD}
		{23842186-C391-4D44-A224-8B135D21C76E} = {A5061BDC-6685-4523-B809-5BD88E413FAD}
		{5BBD41F9-1AA7-4449-8370-F80AB1E7FEDD} = {3F699E01-CF94-4C7B-B67E-28C969C1950A}
		{91A6367B-1A83-4B47-AE9D-BB7264E072A7} = {3F699E01-CF94-4C7B-B67E-28C969C1950A}
		{F2D0F14A-7E32-4E2B-8792-7B98A0C68B09} = {3F699E01-CF94-4C7B-B67E-28C969C1950A}
	EndGlobalSection
	GlobalSection(ExtensibilityGlobals) = postSolution
		SolutionGuid = {BBEE52E3-B8D0-4132-8AF6-E4D7D42FB433}
	EndGlobalSection
EndGlobal
