
Microsoft Visual Studio Solution File, Format Version 12.00
# Visual Studio 15
VisualStudioVersion = 15.0.27004.2006
MinimumVisualStudioVersion = 10.0.40219.1
Project("{2150E333-8FDC-42A3-9474-1A3956D46DE8}") = "Creational", "Creational", "{41458D50-28EA-45AD-AF29-F0460A4FFD9E}"
EndProject
Project("{2150E333-8FDC-42A3-9474-1A3956D46DE8}") = "Structural", "Structural", "{9092CE16-9FC0-4DEC-BBE6-B228DD514B23}"
EndProject
Project("{2150E333-8FDC-42A3-9474-1A3956D46DE8}") = "Behavioral", "Behavioral", "{F7E7F0F1-B82A-4241-9A0F-8717F73D653C}"
EndProject
Project("{2150E333-8FDC-42A3-9474-1A3956D46DE8}") = "Chain of Responsibility", "Chain of Responsibility", "{A6861F8A-B189-4704-A33D-FD23D98493EF}"
EndProject
Project("{2150E333-8FDC-42A3-9474-1A3956D46DE8}") = "Command", "Command", "{B0617CD5-8238-45B8-B367-F73910456897}"
EndProject
Project("{2150E333-8FDC-42A3-9474-1A3956D46DE8}") = "Interpreter", "Interpreter", "{AD55E9F3-569A-480C-9897-66EEE2912535}"
EndProject
Project("{2150E333-8FDC-42A3-9474-1A3956D46DE8}") = "Iterator", "Iterator", "{1ADCABA9-E7E5-4863-81E0-93DDDA143E7A}"
EndProject
Project("{2150E333-8FDC-42A3-9474-1A3956D46DE8}") = "Mediator", "Mediator", "{DD431669-EB6E-4B93-BAA3-95789DCF7FA8}"
EndProject
Project("{2150E333-8FDC-42A3-9474-1A3956D46DE8}") = "Memento", "Memento", "{8F2A8BDD-B57A-4BE2-AF56-03A93202E2DB}"
EndProject
Project("{2150E333-8FDC-42A3-9474-1A3956D46DE8}") = "Observer", "Observer", "{67CD0F1D-C130-48C8-B8C6-13EF7C579744}"
EndProject
Project("{2150E333-8FDC-42A3-9474-1A3956D46DE8}") = "State", "State", "{7B576239-8923-4FF6-B76A-E5396353E698}"
EndProject
Project("{2150E333-8FDC-42A3-9474-1A3956D46DE8}") = "Strategy", "Strategy", "{7E55CC83-18C3-4745-A509-42880811554E}"
EndProject
Project("{2150E333-8FDC-42A3-9474-1A3956D46DE8}") = "Visitor", "Visitor", "{25735216-85D8-4375-9C4B-E6A06B959A86}"
EndProject
Project("{FAE04EC0-301F-11D3-BF4B-00C04F79EFBC}") = "Creational_Abstract_Factory", "Creational_Abstract_Factory\Creational_Abstract_Factory.csproj", "{38D7E142-7428-4739-99A6-CDA9542D00AE}"
EndProject
Project("{FAE04EC0-301F-11D3-BF4B-00C04F79EFBC}") = "Creational_Singleton", "Creational_Singleton\Creational_Singleton.csproj", "{4C4D6B8D-7F0A-45F0-A640-5977776ECDEA}"
EndProject
Project("{FAE04EC0-301F-11D3-BF4B-00C04F79EFBC}") = "Creational_Factory_Method", "Creational_Factory_Method\Creational_Factory_Method.csproj", "{81A45A71-8041-4F3C-91E0-F4EDF33099D0}"
EndProject
Project("{FAE04EC0-301F-11D3-BF4B-00C04F79EFBC}") = "Behavioral_Template_Method", "Behavioral_Template_Method\Behavioral_Template_Method.csproj", "{125DEDAE-1780-4E65-9BF9-A5C75EB86D0B}"
EndProject
Project("{FAE04EC0-301F-11D3-BF4B-00C04F79EFBC}") = "Creational_Builder", "Creational_Builder\Creational_Builder.csproj", "{28416969-F6BA-4E61-9626-0123270FAF90}"
EndProject
Project("{FAE04EC0-301F-11D3-BF4B-00C04F79EFBC}") = "Structural_Adapter", "Structural_Adapter\Structural_Adapter.csproj", "{71D032D9-E553-43C4-91A1-1E0E83770259}"
EndProject
Project("{FAE04EC0-301F-11D3-BF4B-00C04F79EFBC}") = "Structural_Facade", "Structural_Facade\Structural_Facade.csproj", "{96630A38-92F3-4562-8F6B-077D2EB9F35E}"
EndProject
Project("{FAE04EC0-301F-11D3-BF4B-00C04F79EFBC}") = "Structural_Decorator", "Structural_Decorator\Structural_Decorator.csproj", "{6EEA3F4F-DAC4-4304-AD4A-EA7E44FF8923}"
EndProject
Project("{FAE04EC0-301F-11D3-BF4B-00C04F79EFBC}") = "Structural_Proxy", "Structural_Proxy\Structural_Proxy.csproj", "{9AEB6839-8407-424B-A4C8-271C8783464C}"
EndProject
Project("{FAE04EC0-301F-11D3-BF4B-00C04F79EFBC}") = "Structural_Flyweight", "Structural_Flyweight\Structural_Flyweight.csproj", "{8D2E1FB3-8FF0-4CFB-B37B-B3C00F5EB269}"
EndProject
Project("{FAE04EC0-301F-11D3-BF4B-00C04F79EFBC}") = "Structural_Bridge", "Structural_Bridge\Structural_Bridge.csproj", "{4864AD02-88C6-404D-A2F8-F56E48377C3D}"
EndProject
Project("{FAE04EC0-301F-11D3-BF4B-00C04F79EFBC}") = "Structural_Composite", "Structural_Composite\Structural_Composite.csproj", "{43386265-88F5-4F80-A0B1-9BD17244CD51}"
EndProject
Global
	GlobalSection(SolutionConfigurationPlatforms) = preSolution
		Debug|Any CPU = Debug|Any CPU
		Release|Any CPU = Release|Any CPU
	EndGlobalSection
	GlobalSection(ProjectConfigurationPlatforms) = postSolution
		{38D7E142-7428-4739-99A6-CDA9542D00AE}.Debug|Any CPU.ActiveCfg = Debug|Any CPU
		{38D7E142-7428-4739-99A6-CDA9542D00AE}.Debug|Any CPU.Build.0 = Debug|Any CPU
		{38D7E142-7428-4739-99A6-CDA9542D00AE}.Release|Any CPU.ActiveCfg = Release|Any CPU
		{38D7E142-7428-4739-99A6-CDA9542D00AE}.Release|Any CPU.Build.0 = Release|Any CPU
		{4C4D6B8D-7F0A-45F0-A640-5977776ECDEA}.Debug|Any CPU.ActiveCfg = Debug|Any CPU
		{4C4D6B8D-7F0A-45F0-A640-5977776ECDEA}.Debug|Any CPU.Build.0 = Debug|Any CPU
		{4C4D6B8D-7F0A-45F0-A640-5977776ECDEA}.Release|Any CPU.ActiveCfg = Release|Any CPU
		{4C4D6B8D-7F0A-45F0-A640-5977776ECDEA}.Release|Any CPU.Build.0 = Release|Any CPU
		{81A45A71-8041-4F3C-91E0-F4EDF33099D0}.Debug|Any CPU.ActiveCfg = Debug|Any CPU
		{81A45A71-8041-4F3C-91E0-F4EDF33099D0}.Debug|Any CPU.Build.0 = Debug|Any CPU
		{81A45A71-8041-4F3C-91E0-F4EDF33099D0}.Release|Any CPU.ActiveCfg = Release|Any CPU
		{81A45A71-8041-4F3C-91E0-F4EDF33099D0}.Release|Any CPU.Build.0 = Release|Any CPU
		{125DEDAE-1780-4E65-9BF9-A5C75EB86D0B}.Debug|Any CPU.ActiveCfg = Debug|Any CPU
		{125DEDAE-1780-4E65-9BF9-A5C75EB86D0B}.Debug|Any CPU.Build.0 = Debug|Any CPU
		{125DEDAE-1780-4E65-9BF9-A5C75EB86D0B}.Release|Any CPU.ActiveCfg = Release|Any CPU
		{125DEDAE-1780-4E65-9BF9-A5C75EB86D0B}.Release|Any CPU.Build.0 = Release|Any CPU
		{28416969-F6BA-4E61-9626-0123270FAF90}.Debug|Any CPU.ActiveCfg = Debug|Any CPU
		{28416969-F6BA-4E61-9626-0123270FAF90}.Debug|Any CPU.Build.0 = Debug|Any CPU
		{28416969-F6BA-4E61-9626-0123270FAF90}.Release|Any CPU.ActiveCfg = Release|Any CPU
		{28416969-F6BA-4E61-9626-0123270FAF90}.Release|Any CPU.Build.0 = Release|Any CPU
		{71D032D9-E553-43C4-91A1-1E0E83770259}.Debug|Any CPU.ActiveCfg = Debug|Any CPU
		{71D032D9-E553-43C4-91A1-1E0E83770259}.Debug|Any CPU.Build.0 = Debug|Any CPU
		{71D032D9-E553-43C4-91A1-1E0E83770259}.Release|Any CPU.ActiveCfg = Release|Any CPU
		{71D032D9-E553-43C4-91A1-1E0E83770259}.Release|Any CPU.Build.0 = Release|Any CPU
		{96630A38-92F3-4562-8F6B-077D2EB9F35E}.Debug|Any CPU.ActiveCfg = Debug|Any CPU
		{96630A38-92F3-4562-8F6B-077D2EB9F35E}.Debug|Any CPU.Build.0 = Debug|Any CPU
		{96630A38-92F3-4562-8F6B-077D2EB9F35E}.Release|Any CPU.ActiveCfg = Release|Any CPU
		{96630A38-92F3-4562-8F6B-077D2EB9F35E}.Release|Any CPU.Build.0 = Release|Any CPU
		{6EEA3F4F-DAC4-4304-AD4A-EA7E44FF8923}.Debug|Any CPU.ActiveCfg = Debug|Any CPU
		{6EEA3F4F-DAC4-4304-AD4A-EA7E44FF8923}.Debug|Any CPU.Build.0 = Debug|Any CPU
		{6EEA3F4F-DAC4-4304-AD4A-EA7E44FF8923}.Release|Any CPU.ActiveCfg = Release|Any CPU
		{6EEA3F4F-DAC4-4304-AD4A-EA7E44FF8923}.Release|Any CPU.Build.0 = Release|Any CPU
		{9AEB6839-8407-424B-A4C8-271C8783464C}.Debug|Any CPU.ActiveCfg = Debug|Any CPU
		{9AEB6839-8407-424B-A4C8-271C8783464C}.Debug|Any CPU.Build.0 = Debug|Any CPU
		{9AEB6839-8407-424B-A4C8-271C8783464C}.Release|Any CPU.ActiveCfg = Release|Any CPU
		{9AEB6839-8407-424B-A4C8-271C8783464C}.Release|Any CPU.Build.0 = Release|Any CPU
		{8D2E1FB3-8FF0-4CFB-B37B-B3C00F5EB269}.Debug|Any CPU.ActiveCfg = Debug|Any CPU
		{8D2E1FB3-8FF0-4CFB-B37B-B3C00F5EB269}.Debug|Any CPU.Build.0 = Debug|Any CPU
		{8D2E1FB3-8FF0-4CFB-B37B-B3C00F5EB269}.Release|Any CPU.ActiveCfg = Release|Any CPU
		{8D2E1FB3-8FF0-4CFB-B37B-B3C00F5EB269}.Release|Any CPU.Build.0 = Release|Any CPU
		{4864AD02-88C6-404D-A2F8-F56E48377C3D}.Debug|Any CPU.ActiveCfg = Debug|Any CPU
		{4864AD02-88C6-404D-A2F8-F56E48377C3D}.Debug|Any CPU.Build.0 = Debug|Any CPU
		{4864AD02-88C6-404D-A2F8-F56E48377C3D}.Release|Any CPU.ActiveCfg = Release|Any CPU
		{4864AD02-88C6-404D-A2F8-F56E48377C3D}.Release|Any CPU.Build.0 = Release|Any CPU
		{43386265-88F5-4F80-A0B1-9BD17244CD51}.Debug|Any CPU.ActiveCfg = Debug|Any CPU
		{43386265-88F5-4F80-A0B1-9BD17244CD51}.Debug|Any CPU.Build.0 = Debug|Any CPU
		{43386265-88F5-4F80-A0B1-9BD17244CD51}.Release|Any CPU.ActiveCfg = Release|Any CPU
		{43386265-88F5-4F80-A0B1-9BD17244CD51}.Release|Any CPU.Build.0 = Release|Any CPU
	EndGlobalSection
	GlobalSection(SolutionProperties) = preSolution
		HideSolutionNode = FALSE
	EndGlobalSection
	GlobalSection(NestedProjects) = preSolution
		{A6861F8A-B189-4704-A33D-FD23D98493EF} = {F7E7F0F1-B82A-4241-9A0F-8717F73D653C}
		{B0617CD5-8238-45B8-B367-F73910456897} = {F7E7F0F1-B82A-4241-9A0F-8717F73D653C}
		{AD55E9F3-569A-480C-9897-66EEE2912535} = {F7E7F0F1-B82A-4241-9A0F-8717F73D653C}
		{1ADCABA9-E7E5-4863-81E0-93DDDA143E7A} = {F7E7F0F1-B82A-4241-9A0F-8717F73D653C}
		{DD431669-EB6E-4B93-BAA3-95789DCF7FA8} = {F7E7F0F1-B82A-4241-9A0F-8717F73D653C}
		{8F2A8BDD-B57A-4BE2-AF56-03A93202E2DB} = {F7E7F0F1-B82A-4241-9A0F-8717F73D653C}
		{67CD0F1D-C130-48C8-B8C6-13EF7C579744} = {F7E7F0F1-B82A-4241-9A0F-8717F73D653C}
		{7B576239-8923-4FF6-B76A-E5396353E698} = {F7E7F0F1-B82A-4241-9A0F-8717F73D653C}
		{7E55CC83-18C3-4745-A509-42880811554E} = {F7E7F0F1-B82A-4241-9A0F-8717F73D653C}
		{25735216-85D8-4375-9C4B-E6A06B959A86} = {F7E7F0F1-B82A-4241-9A0F-8717F73D653C}
		{38D7E142-7428-4739-99A6-CDA9542D00AE} = {41458D50-28EA-45AD-AF29-F0460A4FFD9E}
		{4C4D6B8D-7F0A-45F0-A640-5977776ECDEA} = {41458D50-28EA-45AD-AF29-F0460A4FFD9E}
		{81A45A71-8041-4F3C-91E0-F4EDF33099D0} = {41458D50-28EA-45AD-AF29-F0460A4FFD9E}
		{125DEDAE-1780-4E65-9BF9-A5C75EB86D0B} = {F7E7F0F1-B82A-4241-9A0F-8717F73D653C}
		{28416969-F6BA-4E61-9626-0123270FAF90} = {41458D50-28EA-45AD-AF29-F0460A4FFD9E}
		{71D032D9-E553-43C4-91A1-1E0E83770259} = {9092CE16-9FC0-4DEC-BBE6-B228DD514B23}
		{96630A38-92F3-4562-8F6B-077D2EB9F35E} = {9092CE16-9FC0-4DEC-BBE6-B228DD514B23}
		{6EEA3F4F-DAC4-4304-AD4A-EA7E44FF8923} = {9092CE16-9FC0-4DEC-BBE6-B228DD514B23}
		{9AEB6839-8407-424B-A4C8-271C8783464C} = {9092CE16-9FC0-4DEC-BBE6-B228DD514B23}
		{8D2E1FB3-8FF0-4CFB-B37B-B3C00F5EB269} = {9092CE16-9FC0-4DEC-BBE6-B228DD514B23}
		{4864AD02-88C6-404D-A2F8-F56E48377C3D} = {9092CE16-9FC0-4DEC-BBE6-B228DD514B23}
		{43386265-88F5-4F80-A0B1-9BD17244CD51} = {9092CE16-9FC0-4DEC-BBE6-B228DD514B23}
	EndGlobalSection
	GlobalSection(ExtensibilityGlobals) = postSolution
		SolutionGuid = {BBEE52E3-B8D0-4132-8AF6-E4D7D42FB433}
	EndGlobalSection
EndGlobal
